// !$*UTF8*$!
{
	archiveVersion = 1;
	classes = {
	};
	objectVersion = 50;
	objects = {

/* Begin PBXBuildFile section */
		2832035421DF4A2C0078D811 /* AppDelegate.m in Sources */ = {isa = PBXBuildFile; fileRef = 2832035321DF4A2C0078D811 /* AppDelegate.m */; };
		2832035621DF4A2C0078D811 /* Assets.xcassets in Resources */ = {isa = PBXBuildFile; fileRef = 2832035521DF4A2C0078D811 /* Assets.xcassets */; };
		2832035921DF4A2C0078D811 /* MainMenu.xib in Resources */ = {isa = PBXBuildFile; fileRef = 2832035721DF4A2C0078D811 /* MainMenu.xib */; };
		2832035C21DF4A2C0078D811 /* main.m in Sources */ = {isa = PBXBuildFile; fileRef = 2832035B21DF4A2C0078D811 /* main.m */; };
		2832036421DF4B250078D811 /* main-sprout.py in Resources */ = {isa = PBXBuildFile; fileRef = 2832036321DF4B250078D811 /* main-sprout.py */; };
		2832036721DF4B4E0078D811 /* SPRSeed.m in Sources */ = {isa = PBXBuildFile; fileRef = 2832036621DF4B4E0078D811 /* SPRSeed.m */; };
		28459FAC21E05F1800ABAFCC /* SproutObjcInterface.py in Resources */ = {isa = PBXBuildFile; fileRef = 28459FAB21E05F1800ABAFCC /* SproutObjcInterface.py */; };
		28B3F50921DFC992006879E1 /* SPRMainSprout.m in Sources */ = {isa = PBXBuildFile; fileRef = 28B3F50821DFC992006879E1 /* SPRMainSprout.m */; };
/* End PBXBuildFile section */

/* Begin PBXFileReference section */
		2832034F21DF4A2C0078D811 /* Sprout.app */ = {isa = PBXFileReference; explicitFileType = wrapper.application; includeInIndex = 0; path = Sprout.app; sourceTree = BUILT_PRODUCTS_DIR; };
		2832035221DF4A2C0078D811 /* AppDelegate.h */ = {isa = PBXFileReference; lastKnownFileType = sourcecode.c.h; path = AppDelegate.h; sourceTree = "<group>"; };
		2832035321DF4A2C0078D811 /* AppDelegate.m */ = {isa = PBXFileReference; lastKnownFileType = sourcecode.c.objc; path = AppDelegate.m; sourceTree = "<group>"; };
		2832035521DF4A2C0078D811 /* Assets.xcassets */ = {isa = PBXFileReference; lastKnownFileType = folder.assetcatalog; path = Assets.xcassets; sourceTree = "<group>"; };
		2832035821DF4A2C0078D811 /* Base */ = {isa = PBXFileReference; lastKnownFileType = file.xib; name = Base; path = Base.lproj/MainMenu.xib; sourceTree = "<group>"; };
		2832035A21DF4A2C0078D811 /* Info.plist */ = {isa = PBXFileReference; lastKnownFileType = text.plist.xml; path = Info.plist; sourceTree = "<group>"; };
		2832035B21DF4A2C0078D811 /* main.m */ = {isa = PBXFileReference; lastKnownFileType = sourcecode.c.objc; path = main.m; sourceTree = "<group>"; };
		2832035D21DF4A2C0078D811 /* Sprout.entitlements */ = {isa = PBXFileReference; lastKnownFileType = text.plist.entitlements; path = Sprout.entitlements; sourceTree = "<group>"; };
		2832036321DF4B250078D811 /* main-sprout.py */ = {isa = PBXFileReference; lastKnownFileType = text.script.python; path = "main-sprout.py"; sourceTree = "<group>"; };
		2832036521DF4B4E0078D811 /* SPRSeed.h */ = {isa = PBXFileReference; lastKnownFileType = sourcecode.c.h; path = SPRSeed.h; sourceTree = "<group>"; };
		2832036621DF4B4E0078D811 /* SPRSeed.m */ = {isa = PBXFileReference; lastKnownFileType = sourcecode.c.objc; path = SPRSeed.m; sourceTree = "<group>"; };
		28459FAB21E05F1800ABAFCC /* SproutObjcInterface.py */ = {isa = PBXFileReference; lastKnownFileType = text.script.python; path = SproutObjcInterface.py; sourceTree = "<group>"; };
		28B3F50721DFC992006879E1 /* SPRMainSprout.h */ = {isa = PBXFileReference; lastKnownFileType = sourcecode.c.h; path = SPRMainSprout.h; sourceTree = "<group>"; };
		28B3F50821DFC992006879E1 /* SPRMainSprout.m */ = {isa = PBXFileReference; lastKnownFileType = sourcecode.c.objc; path = SPRMainSprout.m; sourceTree = "<group>"; };
/* End PBXFileReference section */

/* Begin PBXFrameworksBuildPhase section */
		2832034C21DF4A2C0078D811 /* Frameworks */ = {
			isa = PBXFrameworksBuildPhase;
			buildActionMask = 2147483647;
			files = (
			);
			runOnlyForDeploymentPostprocessing = 0;
		};
/* End PBXFrameworksBuildPhase section */

/* Begin PBXGroup section */
		2832034621DF4A2B0078D811 = {
			isa = PBXGroup;
			children = (
				2832035121DF4A2C0078D811 /* Sprout */,
				2832035021DF4A2C0078D811 /* Products */,
			);
			sourceTree = "<group>";
		};
		2832035021DF4A2C0078D811 /* Products */ = {
			isa = PBXGroup;
			children = (
				2832034F21DF4A2C0078D811 /* Sprout.app */,
			);
			name = Products;
			sourceTree = "<group>";
		};
		2832035121DF4A2C0078D811 /* Sprout */ = {
			isa = PBXGroup;
			children = (
				2832035221DF4A2C0078D811 /* AppDelegate.h */,
				2832035321DF4A2C0078D811 /* AppDelegate.m */,
				2832036321DF4B250078D811 /* main-sprout.py */,
				28459FAB21E05F1800ABAFCC /* SproutObjcInterface.py */,
				28B3F50721DFC992006879E1 /* SPRMainSprout.h */,
				28B3F50821DFC992006879E1 /* SPRMainSprout.m */,
				2832036521DF4B4E0078D811 /* SPRSeed.h */,
				2832036621DF4B4E0078D811 /* SPRSeed.m */,
				2832035521DF4A2C0078D811 /* Assets.xcassets */,
				2832035721DF4A2C0078D811 /* MainMenu.xib */,
				2832035A21DF4A2C0078D811 /* Info.plist */,
				2832035B21DF4A2C0078D811 /* main.m */,
				2832035D21DF4A2C0078D811 /* Sprout.entitlements */,
			);
			path = Sprout;
			sourceTree = "<group>";
		};
/* End PBXGroup section */

/* Begin PBXNativeTarget section */
		2832034E21DF4A2C0078D811 /* Sprout */ = {
			isa = PBXNativeTarget;
			buildConfigurationList = 2832036021DF4A2C0078D811 /* Build configuration list for PBXNativeTarget "Sprout" */;
			buildPhases = (
				2832034B21DF4A2C0078D811 /* Sources */,
				2832034C21DF4A2C0078D811 /* Frameworks */,
				2832034D21DF4A2C0078D811 /* Resources */,
			);
			buildRules = (
			);
			dependencies = (
			);
			name = Sprout;
			productName = Sprout;
			productReference = 2832034F21DF4A2C0078D811 /* Sprout.app */;
			productType = "com.apple.product-type.application";
		};
/* End PBXNativeTarget section */

/* Begin PBXProject section */
		2832034721DF4A2B0078D811 /* Project object */ = {
			isa = PBXProject;
			attributes = {
				LastUpgradeCheck = 1010;
				ORGANIZATIONNAME = "Thomas Redding";
				TargetAttributes = {
					2832034E21DF4A2C0078D811 = {
						CreatedOnToolsVersion = 10.1;
					};
				};
			};
			buildConfigurationList = 2832034A21DF4A2B0078D811 /* Build configuration list for PBXProject "Sprout" */;
			compatibilityVersion = "Xcode 9.3";
			developmentRegion = en;
			hasScannedForEncodings = 0;
			knownRegions = (
				en,
				Base,
			);
			mainGroup = 2832034621DF4A2B0078D811;
			productRefGroup = 2832035021DF4A2C0078D811 /* Products */;
			projectDirPath = "";
			projectRoot = "";
			targets = (
				2832034E21DF4A2C0078D811 /* Sprout */,
			);
		};
/* End PBXProject section */

/* Begin PBXResourcesBuildPhase section */
		2832034D21DF4A2C0078D811 /* Resources */ = {
			isa = PBXResourcesBuildPhase;
			buildActionMask = 2147483647;
			files = (
				2832035621DF4A2C0078D811 /* Assets.xcassets in Resources */,
				28459FAC21E05F1800ABAFCC /* SproutObjcInterface.py in Resources */,
				2832036421DF4B250078D811 /* main-sprout.py in Resources */,
				2832035921DF4A2C0078D811 /* MainMenu.xib in Resources */,
			);
			runOnlyForDeploymentPostprocessing = 0;
		};
/* End PBXResourcesBuildPhase section */

/* Begin PBXSourcesBuildPhase section */
		2832034B21DF4A2C0078D811 /* Sources */ = {
			isa = PBXSourcesBuildPhase;
			buildActionMask = 2147483647;
			files = (
				2832036721DF4B4E0078D811 /* SPRSeed.m in Sources */,
				28B3F50921DFC992006879E1 /* SPRMainSprout.m in Sources */,
				2832035C21DF4A2C0078D811 /* main.m in Sources */,
				2832035421DF4A2C0078D811 /* AppDelegate.m in Sources */,
			);
			runOnlyForDeploymentPostprocessing = 0;
		};
/* End PBXSourcesBuildPhase section */

/* Begin PBXVariantGroup section */
		2832035721DF4A2C0078D811 /* MainMenu.xib */ = {
			isa = PBXVariantGroup;
			children = (
				2832035821DF4A2C0078D811 /* Base */,
			);
			name = MainMenu.xib;
			sourceTree = "<group>";
		};
/* End PBXVariantGroup section */

/* Begin XCBuildConfiguration section */
		2832035E21DF4A2C0078D811 /* Debug */ = {
			isa = XCBuildConfiguration;
			buildSettings = {
				ALWAYS_SEARCH_USER_PATHS = NO;
				CLANG_ANALYZER_NONNULL = YES;
				CLANG_ANALYZER_NUMBER_OBJECT_CONVERSION = YES_AGGRESSIVE;
				CLANG_CXX_LANGUAGE_STANDARD = "gnu++14";
				CLANG_CXX_LIBRARY = "libc++";
				CLANG_ENABLE_MODULES = YES;
				CLANG_ENABLE_OBJC_ARC = YES;
				CLANG_ENABLE_OBJC_WEAK = YES;
				CLANG_WARN_BLOCK_CAPTURE_AUTORELEASING = YES;
				CLANG_WARN_BOOL_CONVERSION = YES;
				CLANG_WARN_COMMA = YES;
				CLANG_WARN_CONSTANT_CONVERSION = YES;
				CLANG_WARN_DEPRECATED_OBJC_IMPLEMENTATIONS = YES;
				CLANG_WARN_DIRECT_OBJC_ISA_USAGE = YES_ERROR;
				CLANG_WARN_DOCUMENTATION_COMMENTS = YES;
				CLANG_WARN_EMPTY_BODY = YES;
				CLANG_WARN_ENUM_CONVERSION = YES;
				CLANG_WARN_INFINITE_RECURSION = YES;
				CLANG_WARN_INT_CONVERSION = YES;
				CLANG_WARN_NON_LITERAL_NULL_CONVERSION = YES;
				CLANG_WARN_OBJC_IMPLICIT_RETAIN_SELF = YES;
				CLANG_WARN_OBJC_LITERAL_CONVERSION = YES;
				CLANG_WARN_OBJC_ROOT_CLASS = YES_ERROR;
				CLANG_WARN_RANGE_LOOP_ANALYSIS = YES;
				CLANG_WARN_STRICT_PROTOTYPES = YES;
				CLANG_WARN_SUSPICIOUS_MOVE = YES;
				CLANG_WARN_UNGUARDED_AVAILABILITY = YES_AGGRESSIVE;
				CLANG_WARN_UNREACHABLE_CODE = YES;
				CLANG_WARN__DUPLICATE_METHOD_MATCH = YES;
				CODE_SIGN_IDENTITY = "-";
				COPY_PHASE_STRIP = NO;
				DEBUG_INFORMATION_FORMAT = dwarf;
				ENABLE_STRICT_OBJC_MSGSEND = YES;
				ENABLE_TESTABILITY = YES;
				GCC_C_LANGUAGE_STANDARD = gnu11;
				GCC_DYNAMIC_NO_PIC = NO;
				GCC_NO_COMMON_BLOCKS = YES;
				GCC_OPTIMIZATION_LEVEL = 0;
				GCC_PREPROCESSOR_DEFINITIONS = (
					"DEBUG=1",
					"$(inherited)",
				);
				GCC_WARN_64_TO_32_BIT_CONVERSION = YES;
				GCC_WARN_ABOUT_RETURN_TYPE = YES_ERROR;
				GCC_WARN_UNDECLARED_SELECTOR = YES;
				GCC_WARN_UNINITIALIZED_AUTOS = YES_AGGRESSIVE;
				GCC_WARN_UNUSED_FUNCTION = YES;
				GCC_WARN_UNUSED_VARIABLE = YES;
				MACOSX_DEPLOYMENT_TARGET = 10.14;
				MTL_ENABLE_DEBUG_INFO = INCLUDE_SOURCE;
				MTL_FAST_MATH = YES;
				ONLY_ACTIVE_ARCH = YES;
				SDKROOT = macosx;
			};
			name = Debug;
		};
		2832035F21DF4A2C0078D811 /* Release */ = {
			isa = XCBuildConfiguration;
			buildSettings = {
				ALWAYS_SEARCH_USER_PATHS = NO;
				CLANG_ANALYZER_NONNULL = YES;
				CLANG_ANALYZER_NUMBER_OBJECT_CONVERSION = YES_AGGRESSIVE;
				CLANG_CXX_LANGUAGE_STANDARD = "gnu++14";
				CLANG_CXX_LIBRARY = "libc++";
				CLANG_ENABLE_MODULES = YES;
				CLANG_ENABLE_OBJC_ARC = YES;
				CLANG_ENABLE_OBJC_WEAK = YES;
				CLANG_WARN_BLOCK_CAPTURE_AUTORELEASING = YES;
				CLANG_WARN_BOOL_CONVERSION = YES;
				CLANG_WARN_COMMA = YES;
				CLANG_WARN_CONSTANT_CONVERSION = YES;
				CLANG_WARN_DEPRECATED_OBJC_IMPLEMENTATIONS = YES;
				CLANG_WARN_DIRECT_OBJC_ISA_USAGE = YES_ERROR;
				CLANG_WARN_DOCUMENTATION_COMMENTS = YES;
				CLANG_WARN_EMPTY_BODY = YES;
				CLANG_WARN_ENUM_CONVERSION = YES;
				CLANG_WARN_INFINITE_RECURSION = YES;
				CLANG_WARN_INT_CONVERSION = YES;
				CLANG_WARN_NON_LITERAL_NULL_CONVERSION = YES;
				CLANG_WARN_OBJC_IMPLICIT_RETAIN_SELF = YES;
				CLANG_WARN_OBJC_LITERAL_CONVERSION = YES;
				CLANG_WARN_OBJC_ROOT_CLASS = YES_ERROR;
				CLANG_WARN_RANGE_LOOP_ANALYSIS = YES;
				CLANG_WARN_STRICT_PROTOTYPES = YES;
				CLANG_WARN_SUSPICIOUS_MOVE = YES;
				CLANG_WARN_UNGUARDED_AVAILABILITY = YES_AGGRESSIVE;
				CLANG_WARN_UNREACHABLE_CODE = YES;
				CLANG_WARN__DUPLICATE_METHOD_MATCH = YES;
				CODE_SIGN_IDENTITY = "-";
				COPY_PHASE_STRIP = NO;
				DEBUG_INFORMATION_FORMAT = "dwarf-with-dsym";
				ENABLE_NS_ASSERTIONS = NO;
				ENABLE_STRICT_OBJC_MSGSEND = YES;
				GCC_C_LANGUAGE_STANDARD = gnu11;
				GCC_NO_COMMON_BLOCKS = YES;
				GCC_WARN_64_TO_32_BIT_CONVERSION = YES;
				GCC_WARN_ABOUT_RETURN_TYPE = YES_ERROR;
				GCC_WARN_UNDECLARED_SELECTOR = YES;
				GCC_WARN_UNINITIALIZED_AUTOS = YES_AGGRESSIVE;
				GCC_WARN_UNUSED_FUNCTION = YES;
				GCC_WARN_UNUSED_VARIABLE = YES;
				MACOSX_DEPLOYMENT_TARGET = 10.14;
				MTL_ENABLE_DEBUG_INFO = NO;
				MTL_FAST_MATH = YES;
				SDKROOT = macosx;
			};
			name = Release;
		};
		2832036121DF4A2C0078D811 /* Debug */ = {
			isa = XCBuildConfiguration;
			buildSettings = {
				ASSETCATALOG_COMPILER_APPICON_NAME = AppIcon;
				CODE_SIGN_ENTITLEMENTS = Sprout/Sprout.entitlements;
				CODE_SIGN_STYLE = Automatic;
				COMBINE_HIDPI_IMAGES = YES;
				INFOPLIST_FILE = Sprout/Info.plist;
				LD_RUNPATH_SEARCH_PATHS = (
					"$(inherited)",
					"@executable_path/../Frameworks",
				);
				PRODUCT_BUNDLE_IDENTIFIER = tfredding.Sprout;
				PRODUCT_NAME = "$(TARGET_NAME)";
			};
			name = Debug;
		};
		2832036221DF4A2C0078D811 /* Release */ = {
			isa = XCBuildConfiguration;
			buildSettings = {
				ASSETCATALOG_COMPILER_APPICON_NAME = AppIcon;
				CODE_SIGN_ENTITLEMENTS = Sprout/Sprout.entitlements;
				CODE_SIGN_STYLE = Automatic;
				COMBINE_HIDPI_IMAGES = YES;
				INFOPLIST_FILE = Sprout/Info.plist;
				LD_RUNPATH_SEARCH_PATHS = (
					"$(inherited)",
					"@executable_path/../Frameworks",
				);
				PRODUCT_BUNDLE_IDENTIFIER = tfredding.Sprout;
				PRODUCT_NAME = "$(TARGET_NAME)";
			};
			name = Release;
		};
/* End XCBuildConfiguration section */

/* Begin XCConfigurationList section */
		2832034A21DF4A2B0078D811 /* Build configuration list for PBXProject "Sprout" */ = {
			isa = XCConfigurationList;
			buildConfigurations = (
				2832035E21DF4A2C0078D811 /* Debug */,
				2832035F21DF4A2C0078D811 /* Release */,
			);
			defaultConfigurationIsVisible = 0;
			defaultConfigurationName = Release;
		};
		2832036021DF4A2C0078D811 /* Build configuration list for PBXNativeTarget "Sprout" */ = {
			isa = XCConfigurationList;
			buildConfigurations = (
				2832036121DF4A2C0078D811 /* Debug */,
				2832036221DF4A2C0078D811 /* Release */,
			);
			defaultConfigurationIsVisible = 0;
			defaultConfigurationName = Release;
		};
/* End XCConfigurationList section */
	};
	rootObject = 2832034721DF4A2B0078D811 /* Project object */;
}
